
Microsoft Visual Studio Solution File, Format Version 12.00
# Visual Studio Version 17
VisualStudioVersion = 17.7.34018.315
MinimumVisualStudioVersion = 10.0.40219.1
Project("{FAE04EC0-301F-11D3-BF4B-00C04F79EFBC}") = "VultrDynamicDns.Net", "VultrDynamicDns.Net.csproj", "{A766A487-0A66-4022-8313-2A2DF2E913BB}"
EndProject
Global
	GlobalSection(SolutionConfigurationPlatforms) = preSolution
		Debug|Any CPU = Debug|Any CPU
		Release|Any CPU = Release|Any CPU
	EndGlobalSection
	GlobalSection(ProjectConfigurationPlatforms) = postSolution
		{A766A487-0A66-4022-8313-2A2DF2E913BB}.Debug|Any CPU.ActiveCfg = Debug|Any CPU
		{A766A487-0A66-4022-8313-2A2DF2E913BB}.Debug|Any CPU.Build.0 = Debug|Any CPU
		{A766A487-0A66-4022-8313-2A2DF2E913BB}.Release|Any CPU.ActiveCfg = Release|Any CPU
		{A766A487-0A66-4022-8313-2A2DF2E913BB}.Release|Any CPU.Build.0 = Release|Any CPU
	EndGlobalSection
	GlobalSection(SolutionProperties) = preSolution
		HideSolutionNode = FALSE
	EndGlobalSection
	GlobalSection(ExtensibilityGlobals) = postSolution
		SolutionGuid = {F13A2CBD-2714-4056-B51A-02A8BF79A93F}
	EndGlobalSection
EndGlobal
